
Microsoft Visual Studio Solution File, Format Version 12.00
# Visual Studio Version 16
VisualStudioVersion = 16.0.31129.286
MinimumVisualStudioVersion = 10.0.40219.1
Project("{9A19103F-16F7-4668-BE54-9A1E7A4F7556}") = "fatcat.Core", "src\fatcat.Core\fatcat.Core.csproj", "{96E114A3-9C3C-4CEF-A20C-A004F52E5B4E}"
EndProject
Project("{9A19103F-16F7-4668-BE54-9A1E7A4F7556}") = "fatcat.Tests", "tests\fatcat.Tests\fatcat.Tests.csproj", "{04E705D1-54B0-49DA-8496-104B34429A5C}"
EndProject
Global
	GlobalSection(SolutionConfigurationPlatforms) = preSolution
		Debug|Any CPU = Debug|Any CPU
		Release|Any CPU = Release|Any CPU
	EndGlobalSection
	GlobalSection(ProjectConfigurationPlatforms) = postSolution
		{96E114A3-9C3C-4CEF-A20C-A004F52E5B4E}.Debug|Any CPU.ActiveCfg = Debug|Any CPU
		{96E114A3-9C3C-4CEF-A20C-A004F52E5B4E}.Debug|Any CPU.Build.0 = Debug|Any CPU
		{96E114A3-9C3C-4CEF-A20C-A004F52E5B4E}.Release|Any CPU.ActiveCfg = Release|Any CPU
		{96E114A3-9C3C-4CEF-A20C-A004F52E5B4E}.Release|Any CPU.Build.0 = Release|Any CPU
		{04E705D1-54B0-49DA-8496-104B34429A5C}.Debug|Any CPU.ActiveCfg = Debug|Any CPU
		{04E705D1-54B0-49DA-8496-104B34429A5C}.Debug|Any CPU.Build.0 = Debug|Any CPU
		{04E705D1-54B0-49DA-8496-104B34429A5C}.Release|Any CPU.ActiveCfg = Release|Any CPU
		{04E705D1-54B0-49DA-8496-104B34429A5C}.Release|Any CPU.Build.0 = Release|Any CPU
	EndGlobalSection
	GlobalSection(SolutionProperties) = preSolution
		HideSolutionNode = FALSE
	EndGlobalSection
	GlobalSection(ExtensibilityGlobals) = postSolution
		SolutionGuid = {9352C955-9DB0-4B77-84DF-ABAC14277E59}
	EndGlobalSection
EndGlobal
